
Microsoft Visual Studio Solution File, Format Version 9.00
# Visual Studio 2005
Project("{F184B08F-C81C-45F6-A57F-5ABD9991F28F}") = "PopupCalculator", "PopupCalculator\PopupCalculator.vbproj", "{F54480DE-7B0A-40FB-99F5-60C9DA6A02D7}"
EndProject
Global
	GlobalSection(SolutionConfigurationPlatforms) = preSolution
		Debug|Any CPU = Debug|Any CPU
		Release|Any CPU = Release|Any CPU
	EndGlobalSection
	GlobalSection(ProjectConfigurationPlatforms) = postSolution
		{F54480DE-7B0A-40FB-99F5-60C9DA6A02D7}.Debug|Any CPU.ActiveCfg = Debug|Any CPU
		{F54480DE-7B0A-40FB-99F5-60C9DA6A02D7}.Debug|Any CPU.Build.0 = Debug|Any CPU
		{F54480DE-7B0A-40FB-99F5-60C9DA6A02D7}.Release|Any CPU.ActiveCfg = Release|Any CPU
		{F54480DE-7B0A-40FB-99F5-60C9DA6A02D7}.Release|Any CPU.Build.0 = Release|Any CPU
	EndGlobalSection
	GlobalSection(SolutionProperties) = preSolution
		HideSolutionNode = FALSE
	EndGlobalSection
EndGlobal
